{
  "name": "playground",
  "version": "1.0.0",
  "lockfileVersion": 3,
  "requires": true,
  "packages": {
    "": {
      "name": "playground",
      "version": "1.0.0",
      "license": "ISC",
      "dependencies": {
        "@huggingface/inference": "^4.13.3",
        "dotenv": "^17.2.3",
        "openai": "^6.9.1",
        "tiktoken": "^1.0.22"
      },
      "devDependencies": {}
    },
    "node_modules/@huggingface/inference": {
      "version": "4.13.3",
      "resolved": "https://registry.npmjs.org/@huggingface/inference/-/inference-4.13.3.tgz",
      "integrity": "sha512-ZpyIlO9Xd0sDiD3QZSQMsJ19iFXYOHHxrgA6pK5Mh5RMY27XlnbLNhazAAaBsmen8vWG6SlGHlyjl7kvjlNoqQ==",
      "license": "MIT",
      "dependencies": {
        "@huggingface/jinja": "^0.5.1",
        "@huggingface/tasks": "^0.19.63"
      },
      "engines": {
        "node": ">=18"
      }
    },
    "node_modules/@huggingface/jinja": {
      "version": "0.5.1",
      "resolved": "https://registry.npmjs.org/@huggingface/jinja/-/jinja-0.5.1.tgz",
      "integrity": "sha512-yUZLld4lrM9iFxHCwFQ7D1HW2MWMwSbeB7WzWqFYDWK+rEb+WldkLdAJxUPOmgICMHZLzZGVcVjFh3w/YGubng==",
      "license": "MIT",
      "engines": {
        "node": ">=18"
      }
    },
    "node_modules/@huggingface/tasks": {
      "version": "0.19.64",
      "resolved": "https://registry.npmjs.org/@huggingface/tasks/-/tasks-0.19.64.tgz",
      "integrity": "sha512-uF1PGQp2lLh1Z9YpQWNz2xKeWuKNDFHma3gIWsF7AP8WD1bWYGfS7np0EyqOHBxti40LI6xGGq96JEwI1n7G/Q==",
      "license": "MIT"
    },
    "node_modules/dotenv": {
      "version": "17.2.3",
      "resolved": "https://registry.npmjs.org/dotenv/-/dotenv-17.2.3.tgz",
      "integrity": "sha512-JVUnt+DUIzu87TABbhPmNfVdBDt18BLOWjMUFJMSi/Qqg7NTYtabbvSNJGOJ7afbRuv9D/lngizHtP7QyLQ+9w==",
      "license": "BSD-2-Clause",
      "engines": {
        "node": ">=12"
      },
      "funding": {
        "url": "https://dotenvx.com"
      }
    },
    "node_modules/openai": {
      "version": "6.9.1",
      "resolved": "https://registry.npmjs.org/openai/-/openai-6.9.1.tgz",
      "integrity": "sha512-vQ5Rlt0ZgB3/BNmTa7bIijYFhz3YBceAA3Z4JuoMSBftBF9YqFHIEhZakSs+O/Ad7EaoEimZvHxD5ylRjN11Lg==",
      "license": "Apache-2.0",
      "bin": {
        "openai": "bin/cli"
      },
      "peerDependencies": {
        "ws": "^8.18.0",
        "zod": "^3.25 || ^4.0"
      },
      "peerDependenciesMeta": {
        "ws": {
          "optional": true
        },
        "zod": {
          "optional": true
        }
      }
    },
    "node_modules/tiktoken": {
      "version": "1.0.22",
      "resolved": "https://registry.npmjs.org/tiktoken/-/tiktoken-1.0.22.tgz",
      "integrity": "sha512-PKvy1rVF1RibfF3JlXBSP0Jrcw2uq3yXdgcEXtKTYn3QJ/cBRBHDnrJ5jHky+MENZ6DIPwNUGWpkVx+7joCpNA==",
      "license": "MIT"
    }
  }
}
